// !$*UTF8*$!
{
	archiveVersion = 1;
	classes = {
	};
	objectVersion = 48;
	objects = {

/* Begin PBXBuildFile section */
		0A2ABB74206822BF00F30D7C /* EmojiMatchGame.swift in Sources */ = {isa = PBXBuildFile; fileRef = 0A2ABB73206822BF00F30D7C /* EmojiMatchGame.swift */; };
		0A3304542067F739001124B3 /* AppDelegate.swift in Sources */ = {isa = PBXBuildFile; fileRef = 0A3304532067F739001124B3 /* AppDelegate.swift */; };
		0A3304562067F739001124B3 /* ViewController.swift in Sources */ = {isa = PBXBuildFile; fileRef = 0A3304552067F739001124B3 /* ViewController.swift */; };
		0A3304592067F739001124B3 /* Main.storyboard in Resources */ = {isa = PBXBuildFile; fileRef = 0A3304572067F739001124B3 /* Main.storyboard */; };
		0A33045B2067F739001124B3 /* Assets.xcassets in Resources */ = {isa = PBXBuildFile; fileRef = 0A33045A2067F739001124B3 /* Assets.xcassets */; };
		0A33045E2067F739001124B3 /* LaunchScreen.storyboard in Resources */ = {isa = PBXBuildFile; fileRef = 0A33045C2067F739001124B3 /* LaunchScreen.storyboard */; };
		0A33046C2067F788001124B3 /* Icon@2x.png in Resources */ = {isa = PBXBuildFile; fileRef = 0A3304652067F787001124B3 /* Icon@2x.png */; };
		0A33046D2067F788001124B3 /* Icon-72.png in Resources */ = {isa = PBXBuildFile; fileRef = 0A3304662067F788001124B3 /* Icon-72.png */; };
		0A33046E2067F788001124B3 /* Icon.png in Resources */ = {isa = PBXBuildFile; fileRef = 0A3304672067F788001124B3 /* Icon.png */; };
		0A33046F2067F788001124B3 /* Icon-72@2x.png in Resources */ = {isa = PBXBuildFile; fileRef = 0A3304682067F788001124B3 /* Icon-72@2x.png */; };
		0A3304702067F788001124B3 /* Icon-60.png in Resources */ = {isa = PBXBuildFile; fileRef = 0A3304692067F788001124B3 /* Icon-60.png */; };
		0A3304712067F788001124B3 /* Icon-Small-50.png in Resources */ = {isa = PBXBuildFile; fileRef = 0A33046A2067F788001124B3 /* Icon-Small-50.png */; };
		0A3304722067F788001124B3 /* Icon-Small-50@2x.png in Resources */ = {isa = PBXBuildFile; fileRef = 0A33046B2067F788001124B3 /* Icon-Small-50@2x.png */; };
/* End PBXBuildFile section */

/* Begin PBXFileReference section */
		0A2ABB73206822BF00F30D7C /* EmojiMatchGame.swift */ = {isa = PBXFileReference; lastKnownFileType = sourcecode.swift; path = EmojiMatchGame.swift; sourceTree = "<group>"; };
		0A3304502067F739001124B3 /* EmojiMatching-schiesla.app */ = {isa = PBXFileReference; explicitFileType = wrapper.application; includeInIndex = 0; path = "EmojiMatching-schiesla.app"; sourceTree = BUILT_PRODUCTS_DIR; };
		0A3304532067F739001124B3 /* AppDelegate.swift */ = {isa = PBXFileReference; lastKnownFileType = sourcecode.swift; path = AppDelegate.swift; sourceTree = "<group>"; };
		0A3304552067F739001124B3 /* ViewController.swift */ = {isa = PBXFileReference; lastKnownFileType = sourcecode.swift; path = ViewController.swift; sourceTree = "<group>"; };
		0A3304582067F739001124B3 /* Base */ = {isa = PBXFileReference; lastKnownFileType = file.storyboard; name = Base; path = Base.lproj/Main.storyboard; sourceTree = "<group>"; };
		0A33045A2067F739001124B3 /* Assets.xcassets */ = {isa = PBXFileReference; lastKnownFileType = folder.assetcatalog; path = Assets.xcassets; sourceTree = "<group>"; };
		0A33045D2067F739001124B3 /* Base */ = {isa = PBXFileReference; lastKnownFileType = file.storyboard; name = Base; path = Base.lproj/LaunchScreen.storyboard; sourceTree = "<group>"; };
		0A33045F2067F739001124B3 /* Info.plist */ = {isa = PBXFileReference; lastKnownFileType = text.plist.xml; path = Info.plist; sourceTree = "<group>"; };
		0A3304652067F787001124B3 /* Icon@2x.png */ = {isa = PBXFileReference; lastKnownFileType = image.png; path = "Icon@2x.png"; sourceTree = "<group>"; };
		0A3304662067F788001124B3 /* Icon-72.png */ = {isa = PBXFileReference; lastKnownFileType = image.png; path = "Icon-72.png"; sourceTree = "<group>"; };
		0A3304672067F788001124B3 /* Icon.png */ = {isa = PBXFileReference; lastKnownFileType = image.png; path = Icon.png; sourceTree = "<group>"; };
		0A3304682067F788001124B3 /* Icon-72@2x.png */ = {isa = PBXFileReference; lastKnownFileType = image.png; path = "Icon-72@2x.png"; sourceTree = "<group>"; };
		0A3304692067F788001124B3 /* Icon-60.png */ = {isa = PBXFileReference; lastKnownFileType = image.png; path = "Icon-60.png"; sourceTree = "<group>"; };
		0A33046A2067F788001124B3 /* Icon-Small-50.png */ = {isa = PBXFileReference; lastKnownFileType = image.png; path = "Icon-Small-50.png"; sourceTree = "<group>"; };
		0A33046B2067F788001124B3 /* Icon-Small-50@2x.png */ = {isa = PBXFileReference; lastKnownFileType = image.png; path = "Icon-Small-50@2x.png"; sourceTree = "<group>"; };
/* End PBXFileReference section */

/* Begin PBXFrameworksBuildPhase section */
		0A33044D2067F739001124B3 /* Frameworks */ = {
			isa = PBXFrameworksBuildPhase;
			buildActionMask = 2147483647;
			files = (
			);
			runOnlyForDeploymentPostprocessing = 0;
		};
/* End PBXFrameworksBuildPhase section */

/* Begin PBXGroup section */
		0A3304472067F739001124B3 = {
			isa = PBXGroup;
			children = (
				0A3304522067F739001124B3 /* EmojiMatching-schiesla */,
				0A3304512067F739001124B3 /* Products */,
			);
			sourceTree = "<group>";
		};
		0A3304512067F739001124B3 /* Products */ = {
			isa = PBXGroup;
			children = (
				0A3304502067F739001124B3 /* EmojiMatching-schiesla.app */,
			);
			name = Products;
			sourceTree = "<group>";
		};
		0A3304522067F739001124B3 /* EmojiMatching-schiesla */ = {
			isa = PBXGroup;
			children = (
				0A3304692067F788001124B3 /* Icon-60.png */,
				0A3304662067F788001124B3 /* Icon-72.png */,
				0A3304682067F788001124B3 /* Icon-72@2x.png */,
				0A33046A2067F788001124B3 /* Icon-Small-50.png */,
				0A33046B2067F788001124B3 /* Icon-Small-50@2x.png */,
				0A3304672067F788001124B3 /* Icon.png */,
				0A3304652067F787001124B3 /* Icon@2x.png */,
				0A3304532067F739001124B3 /* AppDelegate.swift */,
				0A3304552067F739001124B3 /* ViewController.swift */,
				0A2ABB73206822BF00F30D7C /* EmojiMatchGame.swift */,
				0A3304572067F739001124B3 /* Main.storyboard */,
				0A33045A2067F739001124B3 /* Assets.xcassets */,
				0A33045C2067F739001124B3 /* LaunchScreen.storyboard */,
				0A33045F2067F739001124B3 /* Info.plist */,
			);
			path = "EmojiMatching-schiesla";
			sourceTree = "<group>";
		};
/* End PBXGroup section */

/* Begin PBXNativeTarget section */
		0A33044F2067F739001124B3 /* EmojiMatching-schiesla */ = {
			isa = PBXNativeTarget;
			buildConfigurationList = 0A3304622067F739001124B3 /* Build configuration list for PBXNativeTarget "EmojiMatching-schiesla" */;
			buildPhases = (
				0A33044C2067F739001124B3 /* Sources */,
				0A33044D2067F739001124B3 /* Frameworks */,
				0A33044E2067F739001124B3 /* Resources */,
			);
			buildRules = (
			);
			dependencies = (
			);
			name = "EmojiMatching-schiesla";
			productName = "EmojiMatching-schiesla";
			productReference = 0A3304502067F739001124B3 /* EmojiMatching-schiesla.app */;
			productType = "com.apple.product-type.application";
		};
/* End PBXNativeTarget section */

/* Begin PBXProject section */
		0A3304482067F739001124B3 /* Project object */ = {
			isa = PBXProject;
			attributes = {
				LastSwiftUpdateCheck = 0910;
				LastUpgradeCheck = 0910;
				ORGANIZATIONNAME = "Rose-Hulman";
				TargetAttributes = {
					0A33044F2067F739001124B3 = {
						CreatedOnToolsVersion = 9.1;
						ProvisioningStyle = Automatic;
					};
				};
			};
			buildConfigurationList = 0A33044B2067F739001124B3 /* Build configuration list for PBXProject "EmojiMatching-schiesla" */;
			compatibilityVersion = "Xcode 8.0";
			developmentRegion = en;
			hasScannedForEncodings = 0;
			knownRegions = (
				en,
				Base,
			);
			mainGroup = 0A3304472067F739001124B3;
			productRefGroup = 0A3304512067F739001124B3 /* Products */;
			projectDirPath = "";
			projectRoot = "";
			targets = (
				0A33044F2067F739001124B3 /* EmojiMatching-schiesla */,
			);
		};
/* End PBXProject section */

/* Begin PBXResourcesBuildPhase section */
		0A33044E2067F739001124B3 /* Resources */ = {
			isa = PBXResourcesBuildPhase;
			buildActionMask = 2147483647;
			files = (
				0A33046F2067F788001124B3 /* Icon-72@2x.png in Resources */,
				0A33046E2067F788001124B3 /* Icon.png in Resources */,
				0A3304722067F788001124B3 /* Icon-Small-50@2x.png in Resources */,
				0A3304702067F788001124B3 /* Icon-60.png in Resources */,
				0A3304712067F788001124B3 /* Icon-Small-50.png in Resources */,
				0A33045E2067F739001124B3 /* LaunchScreen.storyboard in Resources */,
				0A33046D2067F788001124B3 /* Icon-72.png in Resources */,
				0A33046C2067F788001124B3 /* Icon@2x.png in Resources */,
				0A33045B2067F739001124B3 /* Assets.xcassets in Resources */,
				0A3304592067F739001124B3 /* Main.storyboard in Resources */,
			);
			runOnlyForDeploymentPostprocessing = 0;
		};
/* End PBXResourcesBuildPhase section */

/* Begin PBXSourcesBuildPhase section */
		0A33044C2067F739001124B3 /* Sources */ = {
			isa = PBXSourcesBuildPhase;
			buildActionMask = 2147483647;
			files = (
				0A2ABB74206822BF00F30D7C /* EmojiMatchGame.swift in Sources */,
				0A3304562067F739001124B3 /* ViewController.swift in Sources */,
				0A3304542067F739001124B3 /* AppDelegate.swift in Sources */,
			);
			runOnlyForDeploymentPostprocessing = 0;
		};
/* End PBXSourcesBuildPhase section */

/* Begin PBXVariantGroup section */
		0A3304572067F739001124B3 /* Main.storyboard */ = {
			isa = PBXVariantGroup;
			children = (
				0A3304582067F739001124B3 /* Base */,
			);
			name = Main.storyboard;
			sourceTree = "<group>";
		};
		0A33045C2067F739001124B3 /* LaunchScreen.storyboard */ = {
			isa = PBXVariantGroup;
			children = (
				0A33045D2067F739001124B3 /* Base */,
			);
			name = LaunchScreen.storyboard;
			sourceTree = "<group>";
		};
/* End PBXVariantGroup section */

/* Begin XCBuildConfiguration section */
		0A3304602067F739001124B3 /* Debug */ = {
			isa = XCBuildConfiguration;
			buildSettings = {
				ALWAYS_SEARCH_USER_PATHS = NO;
				CLANG_ANALYZER_NONNULL = YES;
				CLANG_ANALYZER_NUMBER_OBJECT_CONVERSION = YES_AGGRESSIVE;
				CLANG_CXX_LANGUAGE_STANDARD = "gnu++14";
				CLANG_CXX_LIBRARY = "libc++";
				CLANG_ENABLE_MODULES = YES;
				CLANG_ENABLE_OBJC_ARC = YES;
				CLANG_WARN_BLOCK_CAPTURE_AUTORELEASING = YES;
				CLANG_WARN_BOOL_CONVERSION = YES;
				CLANG_WARN_COMMA = YES;
				CLANG_WARN_CONSTANT_CONVERSION = YES;
				CLANG_WARN_DIRECT_OBJC_ISA_USAGE = YES_ERROR;
				CLANG_WARN_DOCUMENTATION_COMMENTS = YES;
				CLANG_WARN_EMPTY_BODY = YES;
				CLANG_WARN_ENUM_CONVERSION = YES;
				CLANG_WARN_INFINITE_RECURSION = YES;
				CLANG_WARN_INT_CONVERSION = YES;
				CLANG_WARN_NON_LITERAL_NULL_CONVERSION = YES;
				CLANG_WARN_OBJC_LITERAL_CONVERSION = YES;
				CLANG_WARN_OBJC_ROOT_CLASS = YES_ERROR;
				CLANG_WARN_RANGE_LOOP_ANALYSIS = YES;
				CLANG_WARN_STRICT_PROTOTYPES = YES;
				CLANG_WARN_SUSPICIOUS_MOVE = YES;
				CLANG_WARN_UNGUARDED_AVAILABILITY = YES_AGGRESSIVE;
				CLANG_WARN_UNREACHABLE_CODE = YES;
				CLANG_WARN__DUPLICATE_METHOD_MATCH = YES;
				CODE_SIGN_IDENTITY = "iPhone Developer";
				COPY_PHASE_STRIP = NO;
				DEBUG_INFORMATION_FORMAT = dwarf;
				ENABLE_STRICT_OBJC_MSGSEND = YES;
				ENABLE_TESTABILITY = YES;
				GCC_C_LANGUAGE_STANDARD = gnu11;
				GCC_DYNAMIC_NO_PIC = NO;
				GCC_NO_COMMON_BLOCKS = YES;
				GCC_OPTIMIZATION_LEVEL = 0;
				GCC_PREPROCESSOR_DEFINITIONS = (
					"DEBUG=1",
					"$(inherited)",
				);
				GCC_WARN_64_TO_32_BIT_CONVERSION = YES;
				GCC_WARN_ABOUT_RETURN_TYPE = YES_ERROR;
				GCC_WARN_UNDECLARED_SELECTOR = YES;
				GCC_WARN_UNINITIALIZED_AUTOS = YES_AGGRESSIVE;
				GCC_WARN_UNUSED_FUNCTION = YES;
				GCC_WARN_UNUSED_VARIABLE = YES;
				IPHONEOS_DEPLOYMENT_TARGET = 11.1;
				MTL_ENABLE_DEBUG_INFO = YES;
				ONLY_ACTIVE_ARCH = YES;
				SDKROOT = iphoneos;
				SWIFT_ACTIVE_COMPILATION_CONDITIONS = DEBUG;
				SWIFT_OPTIMIZATION_LEVEL = "-Onone";
			};
			name = Debug;
		};
		0A3304612067F739001124B3 /* Release */ = {
			isa = XCBuildConfiguration;
			buildSettings = {
				ALWAYS_SEARCH_USER_PATHS = NO;
				CLANG_ANALYZER_NONNULL = YES;
				CLANG_ANALYZER_NUMBER_OBJECT_CONVERSION = YES_AGGRESSIVE;
				CLANG_CXX_LANGUAGE_STANDARD = "gnu++14";
				CLANG_CXX_LIBRARY = "libc++";
				CLANG_ENABLE_MODULES = YES;
				CLANG_ENABLE_OBJC_ARC = YES;
				CLANG_WARN_BLOCK_CAPTURE_AUTORELEASING = YES;
				CLANG_WARN_BOOL_CONVERSION = YES;
				CLANG_WARN_COMMA = YES;
				CLANG_WARN_CONSTANT_CONVERSION = YES;
				CLANG_WARN_DIRECT_OBJC_ISA_USAGE = YES_ERROR;
				CLANG_WARN_DOCUMENTATION_COMMENTS = YES;
				CLANG_WARN_EMPTY_BODY = YES;
				CLANG_WARN_ENUM_CONVERSION = YES;
				CLANG_WARN_INFINITE_RECURSION = YES;
				CLANG_WARN_INT_CONVERSION = YES;
				CLANG_WARN_NON_LITERAL_NULL_CONVERSION = YES;
				CLANG_WARN_OBJC_LITERAL_CONVERSION = YES;
				CLANG_WARN_OBJC_ROOT_CLASS = YES_ERROR;
				CLANG_WARN_RANGE_LOOP_ANALYSIS = YES;
				CLANG_WARN_STRICT_PROTOTYPES = YES;
				CLANG_WARN_SUSPICIOUS_MOVE = YES;
				CLANG_WARN_UNGUARDED_AVAILABILITY = YES_AGGRESSIVE;
				CLANG_WARN_UNREACHABLE_CODE = YES;
				CLANG_WARN__DUPLICATE_METHOD_MATCH = YES;
				CODE_SIGN_IDENTITY = "iPhone Developer";
				COPY_PHASE_STRIP = NO;
				DEBUG_INFORMATION_FORMAT = "dwarf-with-dsym";
				ENABLE_NS_ASSERTIONS = NO;
				ENABLE_STRICT_OBJC_MSGSEND = YES;
				GCC_C_LANGUAGE_STANDARD = gnu11;
				GCC_NO_COMMON_BLOCKS = YES;
				GCC_WARN_64_TO_32_BIT_CONVERSION = YES;
				GCC_WARN_ABOUT_RETURN_TYPE = YES_ERROR;
				GCC_WARN_UNDECLARED_SELECTOR = YES;
				GCC_WARN_UNINITIALIZED_AUTOS = YES_AGGRESSIVE;
				GCC_WARN_UNUSED_FUNCTION = YES;
				GCC_WARN_UNUSED_VARIABLE = YES;
				IPHONEOS_DEPLOYMENT_TARGET = 11.1;
				MTL_ENABLE_DEBUG_INFO = NO;
				SDKROOT = iphoneos;
				SWIFT_OPTIMIZATION_LEVEL = "-Owholemodule";
				VALIDATE_PRODUCT = YES;
			};
			name = Release;
		};
		0A3304632067F739001124B3 /* Debug */ = {
			isa = XCBuildConfiguration;
			buildSettings = {
				ASSETCATALOG_COMPILER_APPICON_NAME = AppIcon;
				CODE_SIGN_STYLE = Automatic;
				INFOPLIST_FILE = "EmojiMatching-schiesla/Info.plist";
				LD_RUNPATH_SEARCH_PATHS = "$(inherited) @executable_path/Frameworks";
				PRODUCT_BUNDLE_IDENTIFIER = "edu.rosehulman.schiesla.EmojiMatching-schiesla";
				PRODUCT_NAME = "$(TARGET_NAME)";
				SWIFT_VERSION = 4.0;
				TARGETED_DEVICE_FAMILY = "1,2";
			};
			name = Debug;
		};
		0A3304642067F739001124B3 /* Release */ = {
			isa = XCBuildConfiguration;
			buildSettings = {
				ASSETCATALOG_COMPILER_APPICON_NAME = AppIcon;
				CODE_SIGN_STYLE = Automatic;
				INFOPLIST_FILE = "EmojiMatching-schiesla/Info.plist";
				LD_RUNPATH_SEARCH_PATHS = "$(inherited) @executable_path/Frameworks";
				PRODUCT_BUNDLE_IDENTIFIER = "edu.rosehulman.schiesla.EmojiMatching-schiesla";
				PRODUCT_NAME = "$(TARGET_NAME)";
				SWIFT_VERSION = 4.0;
				TARGETED_DEVICE_FAMILY = "1,2";
			};
			name = Release;
		};
/* End XCBuildConfiguration section */

/* Begin XCConfigurationList section */
		0A33044B2067F739001124B3 /* Build configuration list for PBXProject "EmojiMatching-schiesla" */ = {
			isa = XCConfigurationList;
			buildConfigurations = (
				0A3304602067F739001124B3 /* Debug */,
				0A3304612067F739001124B3 /* Release */,
			);
			defaultConfigurationIsVisible = 0;
			defaultConfigurationName = Release;
		};
		0A3304622067F739001124B3 /* Build configuration list for PBXNativeTarget "EmojiMatching-schiesla" */ = {
			isa = XCConfigurationList;
			buildConfigurations = (
				0A3304632067F739001124B3 /* Debug */,
				0A3304642067F739001124B3 /* Release */,
			);
			defaultConfigurationIsVisible = 0;
			defaultConfigurationName = Release;
		};
/* End XCConfigurationList section */
	};
	rootObject = 0A3304482067F739001124B3 /* Project object */;
}
